
Microsoft Visual Studio Solution File, Format Version 12.00
# Visual Studio 14
VisualStudioVersion = 14.0.25420.1
MinimumVisualStudioVersion = 10.0.40219.1
Project("{8BC9CEB8-8B4A-11D0-8D11-00A0C91BC942}") = "ImageTranscoder", "ImageTranscoder\ImageTranscoder.vcxproj", "{6A7222E7-7098-4BBF-9426-D60629F1C561}"
EndProject
Project("{8BC9CEB8-8B4A-11D0-8D11-00A0C91BC942}") = "MyImagingComsWinRT", "ImageTranscoder\MyImagingComsWinRT.vcxproj", "{EF5FD437-8033-4645-9977-D07323283556}"
EndProject
Project("{8BC9CEB8-8B4A-11D0-8D11-00A0C91BC942}") = "ImageTranscoderApp", "ImageTranscoderApp\ImageTranscoderApp.vcxproj", "{A751BAC6-864F-4500-B261-B88A465C7F89}"
EndProject
Global
	GlobalSection(SolutionConfigurationPlatforms) = preSolution
		Debug|ARM = Debug|ARM
		Debug|x64 = Debug|x64
		Debug|x86 = Debug|x86
		Release|ARM = Release|ARM
		Release|x64 = Release|x64
		Release|x86 = Release|x86
	EndGlobalSection
	GlobalSection(ProjectConfigurationPlatforms) = postSolution
		{6A7222E7-7098-4BBF-9426-D60629F1C561}.Debug|ARM.ActiveCfg = Debug|x64
		{6A7222E7-7098-4BBF-9426-D60629F1C561}.Debug|x64.ActiveCfg = Debug|x64
		{6A7222E7-7098-4BBF-9426-D60629F1C561}.Debug|x64.Build.0 = Debug|x64
		{6A7222E7-7098-4BBF-9426-D60629F1C561}.Debug|x86.ActiveCfg = Debug|x64
		{6A7222E7-7098-4BBF-9426-D60629F1C561}.Release|ARM.ActiveCfg = Release|x64
		{6A7222E7-7098-4BBF-9426-D60629F1C561}.Release|x64.ActiveCfg = Release|x64
		{6A7222E7-7098-4BBF-9426-D60629F1C561}.Release|x64.Build.0 = Release|x64
		{6A7222E7-7098-4BBF-9426-D60629F1C561}.Release|x86.ActiveCfg = Release|x64
		{EF5FD437-8033-4645-9977-D07323283556}.Debug|ARM.ActiveCfg = Debug|ARM
		{EF5FD437-8033-4645-9977-D07323283556}.Debug|ARM.Build.0 = Debug|ARM
		{EF5FD437-8033-4645-9977-D07323283556}.Debug|x64.ActiveCfg = Debug|x64
		{EF5FD437-8033-4645-9977-D07323283556}.Debug|x64.Build.0 = Debug|x64
		{EF5FD437-8033-4645-9977-D07323283556}.Debug|x86.ActiveCfg = Debug|Win32
		{EF5FD437-8033-4645-9977-D07323283556}.Debug|x86.Build.0 = Debug|Win32
		{EF5FD437-8033-4645-9977-D07323283556}.Release|ARM.ActiveCfg = Release|ARM
		{EF5FD437-8033-4645-9977-D07323283556}.Release|ARM.Build.0 = Release|ARM
		{EF5FD437-8033-4645-9977-D07323283556}.Release|x64.ActiveCfg = Release|x64
		{EF5FD437-8033-4645-9977-D07323283556}.Release|x64.Build.0 = Release|x64
		{EF5FD437-8033-4645-9977-D07323283556}.Release|x86.ActiveCfg = Release|Win32
		{EF5FD437-8033-4645-9977-D07323283556}.Release|x86.Build.0 = Release|Win32
		{A751BAC6-864F-4500-B261-B88A465C7F89}.Debug|ARM.ActiveCfg = Debug|ARM
		{A751BAC6-864F-4500-B261-B88A465C7F89}.Debug|ARM.Build.0 = Debug|ARM
		{A751BAC6-864F-4500-B261-B88A465C7F89}.Debug|ARM.Deploy.0 = Debug|ARM
		{A751BAC6-864F-4500-B261-B88A465C7F89}.Debug|x64.ActiveCfg = Debug|x64
		{A751BAC6-864F-4500-B261-B88A465C7F89}.Debug|x64.Build.0 = Debug|x64
		{A751BAC6-864F-4500-B261-B88A465C7F89}.Debug|x64.Deploy.0 = Debug|x64
		{A751BAC6-864F-4500-B261-B88A465C7F89}.Debug|x86.ActiveCfg = Debug|Win32
		{A751BAC6-864F-4500-B261-B88A465C7F89}.Debug|x86.Build.0 = Debug|Win32
		{A751BAC6-864F-4500-B261-B88A465C7F89}.Debug|x86.Deploy.0 = Debug|Win32
		{A751BAC6-864F-4500-B261-B88A465C7F89}.Release|ARM.ActiveCfg = Release|ARM
		{A751BAC6-864F-4500-B261-B88A465C7F89}.Release|ARM.Build.0 = Release|ARM
		{A751BAC6-864F-4500-B261-B88A465C7F89}.Release|ARM.Deploy.0 = Release|ARM
		{A751BAC6-864F-4500-B261-B88A465C7F89}.Release|x64.ActiveCfg = Release|x64
		{A751BAC6-864F-4500-B261-B88A465C7F89}.Release|x64.Build.0 = Release|x64
		{A751BAC6-864F-4500-B261-B88A465C7F89}.Release|x64.Deploy.0 = Release|x64
		{A751BAC6-864F-4500-B261-B88A465C7F89}.Release|x86.ActiveCfg = Release|Win32
		{A751BAC6-864F-4500-B261-B88A465C7F89}.Release|x86.Build.0 = Release|Win32
		{A751BAC6-864F-4500-B261-B88A465C7F89}.Release|x86.Deploy.0 = Release|Win32
	EndGlobalSection
	GlobalSection(SolutionProperties) = preSolution
		HideSolutionNode = FALSE
	EndGlobalSection
EndGlobal
